{
    "hash": "b0a6ac365c62fd901b8374cfbfadc86a",
    "packages": [
        {
            "package": "symfony/class-loader",
            "version": "dev-master",
            "alias-pretty-version": "2.1.x-dev",
            "alias-version": "2.1.9999999.9999999-dev"
        },
        {
            "package": "symfony/class-loader",
            "version": "dev-master",
            "source-reference": "v2.1.0-BETA4",
            "commit-date": "1342347231"
        },
        {
            "package": "symfony/http-foundation",
            "version": "dev-master",
            "alias-pretty-version": "2.1.x-dev",
            "alias-version": "2.1.9999999.9999999-dev"
        },
        {
            "package": "symfony/http-foundation",
            "version": "dev-master",
            "source-reference": "v2.1.0-BETA4",
            "commit-date": "1343042318"
        },
        {
            "package": "symfony/routing",
            "version": "dev-master",
            "alias-pretty-version": "2.1.x-dev",
            "alias-version": "2.1.9999999.9999999-dev"
        },
        {
            "package": "symfony/routing",
            "version": "dev-master",
            "source-reference": "v2.1.0-BETA4",
            "commit-date": "1342708743"
        }
    ],
    "packages-dev": null,
    "aliases": [

    ],
    "minimum-stability": "stable",
    "stability-flags": {
        "symfony/class-loader": 20,
        "symfony/http-foundation": 20,
        "symfony/routing": 20
    }
}
